# THIS IS AN AUTOGENERATED FILE. DO NOT EDIT THIS FILE DIRECTLY.
# yarn lockfile v1


"@ant-design/colors@^6.0.0":
  version "6.0.0"
  resolved "https://registry.yarnpkg.com/@ant-design/colors/-/colors-6.0.0.tgz#9b9366257cffcc47db42b9d0203bb592c13c0298"
  integrity sha512-qAZRvPzfdWHtfameEGP2Qvuf838NhergR35o+EuVyB5XvSA98xod5r4utvi4TJ3ywmevm290g9nsCG5MryrdWQ==
  dependencies:
    "@ctrl/tinycolor" "^3.4.0"

"@ant-design/icons-svg@^4.2.1":
  version "4.2.1"
  resolved "https://registry.yarnpkg.com/@ant-design/icons-svg/-/icons-svg-4.2.1.tgz#8630da8eb4471a4aabdaed7d1ff6a97dcb2cf05a"
  integrity sha512-EB0iwlKDGpG93hW8f85CTJTs4SvMX7tt5ceupvhALp1IF44SeUFOMhKUOYqpsoYWQKAOuTRDMqn75rEaKDp0Xw==

"@ant-design/icons@^4.0.0", "@ant-design/icons@^4.7.0":
  version "4.7.0"
  resolved "https://registry.yarnpkg.com/@ant-design/icons/-/icons-4.7.0.tgz#8c3cbe0a556ba92af5dc7d1e70c0b25b5179af0f"
  integrity sha512-aoB4Z7JA431rt6d4u+8xcNPPCrdufSRMUOpxa1ab6mz1JCQZOEVolj2WVs/tDFmN62zzK30mNelEsprLYsSF3g==
  dependencies:
    "@ant-design/colors" "^6.0.0"
    "@ant-design/icons-svg" "^4.2.1"
    "@babel/runtime" "^7.11.2"
    classnames "^2.2.6"
    rc-util "^5.9.4"

"@ant-design/react-slick@~0.28.1":
  version "0.28.4"
  resolved "https://registry.yarnpkg.com/@ant-design/react-slick/-/react-slick-0.28.4.tgz#8b296b87ad7c7ae877f2a527b81b7eebd9dd29a9"
  integrity sha512-j9eAHTn7GxbXUFNknJoHS2ceAsqrQi2j8XykjZE1IXCD8kJF+t28EvhBLniDpbOsBk/3kjalnhriTfZcjBHNqg==
  dependencies:
    "@babel/runtime" "^7.10.4"
    classnames "^2.2.5"
    json2mq "^0.2.0"
    lodash "^4.17.21"
    resize-observer-polyfill "^1.5.0"

"@babel/runtime@^7.1.5", "@babel/runtime@^7.10.1", "@babel/runtime@^7.10.2", "@babel/runtime@^7.10.4", "@babel/runtime@^7.11.1", "@babel/runtime@^7.11.2", "@babel/runtime@^7.12.5", "@babel/runtime@^7.2.0", "@babel/runtime@^7.8.4":
  version "7.17.2"
  resolved "https://registry.yarnpkg.com/@babel/runtime/-/runtime-7.17.2.tgz#66f68591605e59da47523c631416b18508779941"
  integrity sha512-hzeyJyMA1YGdJTuWU0e/j4wKXrU4OMFvY2MSlaI9B7VQb0r5cxTE3EAIS2Q7Tn2RIcDkRvTA/v2JsAEhxe99uw==
  dependencies:
    regenerator-runtime "^0.13.4"

"@ctrl/tinycolor@^3.4.0":
  version "3.4.0"
  resolved "https://registry.yarnpkg.com/@ctrl/tinycolor/-/tinycolor-3.4.0.tgz#c3c5ae543c897caa9c2a68630bed355be5f9990f"
  integrity sha512-JZButFdZ1+/xAfpguQHoabIXkcqRRKpMrWKBkpEZZyxfY9C1DpADFB8PEqGSTeFr135SaTRfKqGKx5xSCLI7ZQ==

"@designable/shared@1.0.0-beta.43":
  version "1.0.0-beta.43"
  resolved "https://registry.yarnpkg.com/@designable/shared/-/shared-1.0.0-beta.43.tgz#fe1e3fa5b54482b7dac488a9fd25c0c00c795b0b"
  integrity sha512-Q0bh5FYUCZ14csHIekn6ff06C13PILey7LlyqgfbXF6S9H8/Hb/UEZpshbgjPaefPoCrc1NCZq71pKPJtd4JGQ==
  dependencies:
    requestidlecallback "^0.3.0"

"@formily/antd@^2.0.2":
  version "2.0.9"
  resolved "https://registry.yarnpkg.com/@formily/antd/-/antd-2.0.9.tgz#3ae9431ae69a0e79a3a6d4612a7269eb050fba76"
  integrity sha512-dUUuEhCK965UJbpg0e7chObOPdlpUW0wYNZQMcURaBjRL7wLKGf7wLT6pEWCb8FfJ6BVOLaktdBcOq/um77eog==
  dependencies:
    "@ant-design/icons" "^4.0.0"
    "@formily/core" "2.0.9"
    "@formily/grid" "2.0.9"
    "@formily/json-schema" "2.0.9"
    "@formily/react" "2.0.9"
    "@formily/reactive" "2.0.9"
    "@formily/reactive-react" "2.0.9"
    "@formily/shared" "2.0.9"
    classnames "^2.2.6"
    react-sortable-hoc "^1.11.0"
    react-sticky-box "^0.9.3"

"@formily/core@2.0.9":
  version "2.0.9"
  resolved "https://registry.yarnpkg.com/@formily/core/-/core-2.0.9.tgz#52db2c13ba73bc8d1b4880d3f9e22803c8a31537"
  integrity sha512-c1VpWPkAdTr40lmMwo0z1MJnhyV8BGBTaNYBsM3kF/4656nKCrfW93PA9w83Nl7/eU82FVP1rElHoYIXdjscwA==
  dependencies:
    "@formily/reactive" "2.0.9"
    "@formily/shared" "2.0.9"
    "@formily/validator" "2.0.9"

"@formily/grid@2.0.9":
  version "2.0.9"
  resolved "https://registry.yarnpkg.com/@formily/grid/-/grid-2.0.9.tgz#08fd1a9e2f5b569a64c07409a7564bf06e14eefa"
  integrity sha512-xsyr9u3eajJ5Lz30PIH5hNYEa2NJ+9W1xZTqFZ2KhwlwiWyA3DM4uN6IM/9MXANzWHEj93RMgcgjXIinVM2g0w==
  dependencies:
    "@formily/reactive" "2.0.9"
    "@juggle/resize-observer" "^3.3.1"

"@formily/json-schema@2.0.9":
  version "2.0.9"
  resolved "https://registry.yarnpkg.com/@formily/json-schema/-/json-schema-2.0.9.tgz#646d70bc575c86621a0bf7d698125034c57fbc70"
  integrity sha512-ulZAtZrUvFD1wpHuQhf4HcYBKhKNX9qVs5ofmVq/tGBwIBINoi8MhY6C3cd6Q4nYHYYWzfIzx2vJdPCSIzS6Sw==
  dependencies:
    "@formily/core" "2.0.9"
    "@formily/reactive" "2.0.9"
    "@formily/shared" "2.0.9"

"@formily/path@2.0.9":
  version "2.0.9"
  resolved "https://registry.yarnpkg.com/@formily/path/-/path-2.0.9.tgz#b1a3da3cecda957e71a12cd7cdb2c84b813b18f6"
  integrity sha512-gToND/PcorDF1bWMLN/hQiRSbMWAp2sSXKWfVkR6kEARUsEMMSULc8JCCQfOIiWRqiEvAGQhK9A6omv0an9PMA==

"@formily/react@2.0.9", "@formily/react@^2.0.2":
  version "2.0.9"
  resolved "https://registry.yarnpkg.com/@formily/react/-/react-2.0.9.tgz#4df0717887c2f7924afcfad1d40bd4fd9faa8cf7"
  integrity sha512-YGfRWj8a+wo35pgMGU2irGKXChgS6Q7z94JLKEsX8alDJ4INw+Kji1y3TQrZgv5n34Dhs4A3bEJSIfPF2b3dxw==
  dependencies:
    "@formily/core" "2.0.9"
    "@formily/json-schema" "2.0.9"
    "@formily/reactive" "2.0.9"
    "@formily/reactive-react" "2.0.9"
    "@formily/shared" "2.0.9"
    "@formily/validator" "2.0.9"
    hoist-non-react-statics "^3.3.2"

"@formily/reactive-react@2.0.9":
  version "2.0.9"
  resolved "https://registry.yarnpkg.com/@formily/reactive-react/-/reactive-react-2.0.9.tgz#467365672304557268eb96b278ae4c6d73e071b9"
  integrity sha512-1g9Io6yGYa9HuYeV8ASuXVQKZ37LJlwvriXf4dNC0ztHwPpZE0b2tIxHeUPJU8Ag/DHn362ZnVrh+K5YZJklfA==
  dependencies:
    "@formily/reactive" "2.0.9"
    hoist-non-react-statics "^3.3.2"

"@formily/reactive@2.0.9":
  version "2.0.9"
  resolved "https://registry.yarnpkg.com/@formily/reactive/-/reactive-2.0.9.tgz#5dbc4c03e376fe99f88ab404d6f32356665b8cc2"
  integrity sha512-ChZjzGeWhroL+Zo9etj2W27uN+X1e6HyJk12CIdI67sTjMuXs4+/gdVgXejycu54vd64jE9Xyi5W/yPkDUZcSA==

"@formily/shared@2.0.9", "@formily/shared@^2.0.2":
  version "2.0.9"
  resolved "https://registry.yarnpkg.com/@formily/shared/-/shared-2.0.9.tgz#3608e07fc234820214cd3c0d6401051095a039ce"
  integrity sha512-pws1tQxKPBWK8VR2THT9hj0vKokx0yKRjq9Z6T7B9EFZBZMOBIpuvEcZDw4Bso9I4DFfR6y0YVJoy8TLuJRkGg==
  dependencies:
    "@formily/path" "2.0.9"
    camel-case "^4.1.1"
    lower-case "^2.0.1"
    no-case "^3.0.4"
    param-case "^3.0.4"
    pascal-case "^3.1.1"
    upper-case "^2.0.1"

"@formily/validator@2.0.9":
  version "2.0.9"
  resolved "https://registry.yarnpkg.com/@formily/validator/-/validator-2.0.9.tgz#3f2a88c50941c4a5ba182b83410c44299b3d30ee"
  integrity sha512-HVu5IRqq5Mplnx1ZAHgoRL+YLsJY1ZiBrNFendE6LJoF2q56aDqRSSOfk0jOHxTpnkDa9mgoyr4G+L64AW1e+g==
  dependencies:
    "@formily/shared" "2.0.9"

"@juggle/resize-observer@^3.3.1":
  version "3.3.1"
  resolved "https://registry.yarnpkg.com/@juggle/resize-observer/-/resize-observer-3.3.1.tgz#b50a781709c81e10701004214340f25475a171a0"
  integrity sha512-zMM9Ds+SawiUkakS7y94Ymqx+S0ORzpG3frZirN3l+UlXUmSUR7hF4wxCVqW+ei94JzV5kt0uXBcoOEAuiydrw==

antd@^4.0.0:
  version "4.18.6"
  resolved "https://registry.yarnpkg.com/antd/-/antd-4.18.6.tgz#f849d3141ae18447ec1cdc2b6d83096be24c0769"
  integrity sha512-CgliJK1iFUYVER2zJsBUManwxLKhdrRVdhpYeHByglZ8w/WXmgIJ3xoSwwM0o4A/FA+gRuDa0f7kVnzPDiqdYw==
  dependencies:
    "@ant-design/colors" "^6.0.0"
    "@ant-design/icons" "^4.7.0"
    "@ant-design/react-slick" "~0.28.1"
    "@babel/runtime" "^7.12.5"
    "@ctrl/tinycolor" "^3.4.0"
    classnames "^2.2.6"
    copy-to-clipboard "^3.2.0"
    lodash "^4.17.21"
    memoize-one "^6.0.0"
    moment "^2.25.3"
    rc-cascader "~3.2.1"
    rc-checkbox "~2.3.0"
    rc-collapse "~3.1.0"
    rc-dialog "~8.6.0"
    rc-drawer "~4.4.2"
    rc-dropdown "~3.2.5"
    rc-field-form "~1.22.0-2"
    rc-image "~5.2.5"
    rc-input-number "~7.3.0"
    rc-mentions "~1.6.1"
    rc-menu "~9.2.1"
    rc-motion "^2.4.4"
    rc-notification "~4.5.7"
    rc-pagination "~3.1.9"
    rc-picker "~2.5.17"
    rc-progress "~3.2.1"
    rc-rate "~2.9.0"
    rc-resize-observer "^1.2.0"
    rc-select "~14.0.0-alpha.15"
    rc-slider "~9.7.4"
    rc-steps "~4.1.0"
    rc-switch "~3.2.0"
    rc-table "~7.22.2"
    rc-tabs "~11.10.0"
    rc-textarea "~0.3.0"
    rc-tooltip "~5.1.1"
    rc-tree "~5.4.3"
    rc-tree-select "~5.1.1"
    rc-trigger "^5.2.10"
    rc-upload "~4.3.0"
    rc-util "^5.14.0"
    scroll-into-view-if-needed "^2.2.25"

array-tree-filter@^2.1.0:
  version "2.1.0"
  resolved "https://registry.yarnpkg.com/array-tree-filter/-/array-tree-filter-2.1.0.tgz#873ac00fec83749f255ac8dd083814b4f6329190"
  integrity sha512-4ROwICNlNw/Hqa9v+rk5h22KjmzB1JGTMVKP2AKJBOCgb0yL0ASf0+YvCcLNNwquOHNX48jkeZIJ3a+oOQqKcw==

async-validator@^4.0.2:
  version "4.0.7"
  resolved "https://registry.yarnpkg.com/async-validator/-/async-validator-4.0.7.tgz#034a0fd2103a6b2ebf010da75183bec299247afe"
  integrity sha512-Pj2IR7u8hmUEDOwB++su6baaRi+QvsgajuFB9j95foM1N2gy5HM4z60hfusIO0fBPG5uLAEl6yCJr1jNSVugEQ==

balanced-match@^1.0.0:
  version "1.0.2"
  resolved "https://registry.yarnpkg.com/balanced-match/-/balanced-match-1.0.2.tgz#e83e3a7e3f300b34cb9d87f615fa0cbf357690ee"
  integrity sha512-3oSeUO0TMV67hN1AmbXsK4yaqU7tjiHlbxRDZOpH0KW9+CeX4bRAaX0Anxt0tx2MrpRpWwQaPwIlISEJhYU5Pw==

brace-expansion@^1.1.7:
  version "1.1.11"
  resolved "https://registry.yarnpkg.com/brace-expansion/-/brace-expansion-1.1.11.tgz#3c7fcbf529d87226f3d2f52b966ff5271eb441dd"
  integrity sha512-iCuPHDFgrHX7H2vEI/5xpz07zSHB00TpugqhmYtVmMO6518mCuRMoOYFldEBl0g187ufozdaHgWKcYFb61qGiA==
  dependencies:
    balanced-match "^1.0.0"
    concat-map "0.0.1"

camel-case@^4.1.1:
  version "4.1.2"
  resolved "https://registry.yarnpkg.com/camel-case/-/camel-case-4.1.2.tgz#9728072a954f805228225a6deea6b38461e1bd5a"
  integrity sha512-gxGWBrTT1JuMx6R+o5PTXMmUnhnVzLQ9SNutD4YqKtI6ap897t3tKECYla6gCWEkplXnlNybEkZg9GEGxKFCgw==
  dependencies:
    pascal-case "^3.1.2"
    tslib "^2.0.3"

classnames@2.x, classnames@^2.2.1, classnames@^2.2.3, classnames@^2.2.5, classnames@^2.2.6, classnames@^2.3.1:
  version "2.3.1"
  resolved "https://registry.yarnpkg.com/classnames/-/classnames-2.3.1.tgz#dfcfa3891e306ec1dad105d0e88f4417b8535e8e"
  integrity sha512-OlQdbZ7gLfGarSqxesMesDa5uz7KFbID8Kpq/SxIoNGDqY8lSYs0D+hhtBXhcdB3rcbXArFr7vlHheLk1voeNA==

compute-scroll-into-view@^1.0.17:
  version "1.0.17"
  resolved "https://registry.yarnpkg.com/compute-scroll-into-view/-/compute-scroll-into-view-1.0.17.tgz#6a88f18acd9d42e9cf4baa6bec7e0522607ab7ab"
  integrity sha512-j4dx+Fb0URmzbwwMUrhqWM2BEWHdFGx+qZ9qqASHRPqvTYdqvWnHg0H1hIbcyLnvgnoNAVMlwkepyqM3DaIFUg==

concat-map@0.0.1:
  version "0.0.1"
  resolved "https://registry.yarnpkg.com/concat-map/-/concat-map-0.0.1.tgz#d8a96bd77fd68df7793a73036a3ba0d5405d477b"
  integrity sha1-2Klr13/Wjfd5OnMDajug1UBdR3s=

copy-to-clipboard@^3.2.0:
  version "3.3.1"
  resolved "https://registry.yarnpkg.com/copy-to-clipboard/-/copy-to-clipboard-3.3.1.tgz#115aa1a9998ffab6196f93076ad6da3b913662ae"
  integrity sha512-i13qo6kIHTTpCm8/Wup+0b1mVWETvu2kIMzKoK8FpkLkFxlt0znUAHcMzox+T8sPlqtZXq3CulEjQHsYiGFJUw==
  dependencies:
    toggle-selection "^1.0.6"

date-fns@2.x:
  version "2.28.0"
  resolved "https://registry.yarnpkg.com/date-fns/-/date-fns-2.28.0.tgz#9570d656f5fc13143e50c975a3b6bbeb46cd08b2"
  integrity sha512-8d35hViGYx/QH0icHYCeLmsLmMUheMmTyV9Fcm6gvNwdw31yXXH+O85sOBJ+OLnLQMKZowvpKb6FgMIQjcpvQw==

dayjs@1.x:
  version "1.10.7"
  resolved "https://registry.yarnpkg.com/dayjs/-/dayjs-1.10.7.tgz#2cf5f91add28116748440866a0a1d26f3a6ce468"
  integrity sha512-P6twpd70BcPK34K26uJ1KT3wlhpuOAPoMwJzpsIWUxHZ7wpmbdZL/hQqBDfz7hGurYSa5PhzdhDHtt319hL3ig==

dom-align@^1.7.0:
  version "1.12.2"
  resolved "https://registry.yarnpkg.com/dom-align/-/dom-align-1.12.2.tgz#0f8164ebd0c9c21b0c790310493cd855892acd4b"
  integrity sha512-pHuazgqrsTFrGU2WLDdXxCFabkdQDx72ddkraZNih1KsMcN5qsRSTR9O4VJRlwTPCPb5COYg3LOfiMHHcPInHg==

dot-case@^3.0.4:
  version "3.0.4"
  resolved "https://registry.yarnpkg.com/dot-case/-/dot-case-3.0.4.tgz#9b2b670d00a431667a8a75ba29cd1b98809ce751"
  integrity sha512-Kv5nKlh6yRrdrGvxeJ2e5y2eRUpkUosIW4A2AS38zwSz27zu7ufDwQPi5Jhs3XAlGNetl3bmnGhQsMtkKJnj3w==
  dependencies:
    no-case "^3.0.4"
    tslib "^2.0.3"

fs.realpath@^1.0.0:
  version "1.0.0"
  resolved "https://registry.yarnpkg.com/fs.realpath/-/fs.realpath-1.0.0.tgz#1504ad2523158caa40db4a2787cb01411994ea4f"
  integrity sha1-FQStJSMVjKpA20onh8sBQRmU6k8=

glob@^7.1.3:
  version "7.2.0"
  resolved "https://registry.yarnpkg.com/glob/-/glob-7.2.0.tgz#d15535af7732e02e948f4c41628bd910293f6023"
  integrity sha512-lmLf6gtyrPq8tTjSmrO94wBeQbFR3HbLHbuyD69wuyQkImp2hWqMGB47OX65FBkPffO641IP9jWa1z4ivqG26Q==
  dependencies:
    fs.realpath "^1.0.0"
    inflight "^1.0.4"
    inherits "2"
    minimatch "^3.0.4"
    once "^1.3.0"
    path-is-absolute "^1.0.0"

hoist-non-react-statics@^3.3.2:
  version "3.3.2"
  resolved "https://registry.yarnpkg.com/hoist-non-react-statics/-/hoist-non-react-statics-3.3.2.tgz#ece0acaf71d62c2969c2ec59feff42a4b1a85b45"
  integrity sha512-/gGivxi8JPKWNm/W0jSmzcMPpfpPLc3dY/6GxhX2hQ9iGj3aDfklV4ET7NjKpSinLpJ5vafa9iiGIEZg10SfBw==
  dependencies:
    react-is "^16.7.0"

inflight@^1.0.4:
  version "1.0.6"
  resolved "https://registry.yarnpkg.com/inflight/-/inflight-1.0.6.tgz#49bd6331d7d02d0c09bc910a1075ba8165b56df9"
  integrity sha1-Sb1jMdfQLQwJvJEKEHW6gWW1bfk=
  dependencies:
    once "^1.3.0"
    wrappy "1"

inherits@2:
  version "2.0.4"
  resolved "https://registry.yarnpkg.com/inherits/-/inherits-2.0.4.tgz#0fa2c64f932917c3433a0ded55363aae37416b7c"
  integrity sha512-k/vGaX4/Yla3WzyMCvTQOXYeIHvqOKtnqBduzTHpzpQZzAskKMhZ2K+EnBiSM9zGSoIFeMpXKxa4dYeZIQqewQ==

invariant@^2.2.4:
  version "2.2.4"
  resolved "https://registry.yarnpkg.com/invariant/-/invariant-2.2.4.tgz#610f3c92c9359ce1db616e538008d23ff35158e6"
  integrity sha512-phJfQVBuaJM5raOpJjSfkiD6BpbCE4Ns//LaXl6wGYtUBY83nWS6Rf9tXm2e8VaK60JEjYldbPif/A2B1C2gNA==
  dependencies:
    loose-envify "^1.0.0"

"js-tokens@^3.0.0 || ^4.0.0":
  version "4.0.0"
  resolved "https://registry.yarnpkg.com/js-tokens/-/js-tokens-4.0.0.tgz#19203fb59991df98e3a287050d4647cdeaf32499"
  integrity sha512-RdJUflcE3cUzKiMqQgsCu06FPu9UdIJO0beYbPhHN4k6apgJtifcoCtT9bcxOpYBtpD2kCM6Sbzg4CausW/PKQ==

json2mq@^0.2.0:
  version "0.2.0"
  resolved "https://registry.yarnpkg.com/json2mq/-/json2mq-0.2.0.tgz#b637bd3ba9eabe122c83e9720483aeb10d2c904a"
  integrity sha1-tje9O6nqvhIsg+lyBIOusQ0skEo=
  dependencies:
    string-convert "^0.2.0"

lodash@^4.17.21:
  version "4.17.21"
  resolved "https://registry.yarnpkg.com/lodash/-/lodash-4.17.21.tgz#679591c564c3bffaae8454cf0b3df370c3d6911c"
  integrity sha512-v2kDEe57lecTulaDIuNTPy3Ry4gLGJ6Z1O3vE1krgXZNrsQ+LFTGHVxVjcXPs17LhbZVGedAJv8XZ1tvj5FvSg==

loose-envify@^1.0.0, loose-envify@^1.1.0, loose-envify@^1.4.0:
  version "1.4.0"
  resolved "https://registry.yarnpkg.com/loose-envify/-/loose-envify-1.4.0.tgz#71ee51fa7be4caec1a63839f7e682d8132d30caf"
  integrity sha512-lyuxPGr/Wfhrlem2CL/UcnUc1zcqKAImBDzukY7Y5F/yQiNdko6+fRLevlw1HgMySw7f611UIY408EtxRSoK3Q==
  dependencies:
    js-tokens "^3.0.0 || ^4.0.0"

lower-case@^2.0.1, lower-case@^2.0.2:
  version "2.0.2"
  resolved "https://registry.yarnpkg.com/lower-case/-/lower-case-2.0.2.tgz#6fa237c63dbdc4a82ca0fd882e4722dc5e634e28"
  integrity sha512-7fm3l3NAF9WfN6W3JOmf5drwpVqX78JtoGJ3A6W0a6ZnldM41w2fV5D490psKFTpMds8TJse/eHLFFsNHHjHgg==
  dependencies:
    tslib "^2.0.3"

memoize-one@^6.0.0:
  version "6.0.0"
  resolved "https://registry.yarnpkg.com/memoize-one/-/memoize-one-6.0.0.tgz#b2591b871ed82948aee4727dc6abceeeac8c1045"
  integrity sha512-rkpe71W0N0c0Xz6QD0eJETuWAJGnJ9afsl1srmwPrI+yBCkge5EycXXbYRyvL29zZVUWQCY7InPRCv3GDXuZNw==

minimatch@^3.0.4:
  version "3.0.5"
  resolved "https://registry.yarnpkg.com/minimatch/-/minimatch-3.0.5.tgz#4da8f1290ee0f0f8e83d60ca69f8f134068604a3"
  integrity sha512-tUpxzX0VAzJHjLu0xUfFv1gwVp9ba3IOuRAVH2EGuRW8a5emA2FlACLqiT/lDVtS1W+TGNwqz3sWaNyLgDJWuw==
  dependencies:
    brace-expansion "^1.1.7"

moment@^2.24.0, moment@^2.25.3:
  version "2.29.1"
  resolved "https://registry.yarnpkg.com/moment/-/moment-2.29.1.tgz#b2be769fa31940be9eeea6469c075e35006fa3d3"
  integrity sha512-kHmoybcPV8Sqy59DwNDY3Jefr64lK/by/da0ViFcuA4DH0vQg5Q6Ze5VimxkfQNSC+Mls/Kx53s7TjP1RhFEDQ==

no-case@^3.0.4:
  version "3.0.4"
  resolved "https://registry.yarnpkg.com/no-case/-/no-case-3.0.4.tgz#d361fd5c9800f558551a8369fc0dcd4662b6124d"
  integrity sha512-fgAN3jGAh+RoxUGZHTSOLJIqUc2wmoBwGR4tbpNAKmmovFoWq0OdRkb0VkldReO2a2iBT/OEulG9XSUc10r3zg==
  dependencies:
    lower-case "^2.0.2"
    tslib "^2.0.3"

object-assign@^4.1.1:
  version "4.1.1"
  resolved "https://registry.yarnpkg.com/object-assign/-/object-assign-4.1.1.tgz#2109adc7965887cfc05cbbd442cac8bfbb360863"
  integrity sha1-IQmtx5ZYh8/AXLvUQsrIv7s2CGM=

once@^1.3.0:
  version "1.4.0"
  resolved "https://registry.yarnpkg.com/once/-/once-1.4.0.tgz#583b1aa775961d4b113ac17d9c50baef9dd76bd1"
  integrity sha1-WDsap3WWHUsROsF9nFC6753Xa9E=
  dependencies:
    wrappy "1"

param-case@^3.0.4:
  version "3.0.4"
  resolved "https://registry.yarnpkg.com/param-case/-/param-case-3.0.4.tgz#7d17fe4aa12bde34d4a77d91acfb6219caad01c5"
  integrity sha512-RXlj7zCYokReqWpOPH9oYivUzLYZ5vAPIfEmCTNViosC78F8F0H9y7T7gG2M39ymgutxF5gcFEsyZQSph9Bp3A==
  dependencies:
    dot-case "^3.0.4"
    tslib "^2.0.3"

pascal-case@^3.1.1, pascal-case@^3.1.2:
  version "3.1.2"
  resolved "https://registry.yarnpkg.com/pascal-case/-/pascal-case-3.1.2.tgz#b48e0ef2b98e205e7c1dae747d0b1508237660eb"
  integrity sha512-uWlGT3YSnK9x3BQJaOdcZwrnV6hPpd8jFH1/ucpiLRPh/2zCVJKS19E4GvYHvaCcACn3foXZ0cLB9Wrx1KGe5g==
  dependencies:
    no-case "^3.0.4"
    tslib "^2.0.3"

path-is-absolute@^1.0.0:
  version "1.0.1"
  resolved "https://registry.yarnpkg.com/path-is-absolute/-/path-is-absolute-1.0.1.tgz#174b9268735534ffbc7ace6bf53a5a9e1b5c5f5f"
  integrity sha1-F0uSaHNVNP+8es5r9TpanhtcX18=

prop-types@^15.5.7:
  version "15.8.1"
  resolved "https://registry.yarnpkg.com/prop-types/-/prop-types-15.8.1.tgz#67d87bf1a694f48435cf332c24af10214a3140b5"
  integrity sha512-oj87CgZICdulUohogVAR7AjlC0327U4el4L6eAvOqCeudMDVU0NThNaV+b9Df4dXgSP1gXMTnPdhfe/2qDH5cg==
  dependencies:
    loose-envify "^1.4.0"
    object-assign "^4.1.1"
    react-is "^16.13.1"

rc-align@^4.0.0:
  version "4.0.11"
  resolved "https://registry.yarnpkg.com/rc-align/-/rc-align-4.0.11.tgz#8198c62db266bc1b8ef05e56c13275bf72628a5e"
  integrity sha512-n9mQfIYQbbNTbefyQnRHZPWuTEwG1rY4a9yKlIWHSTbgwI+XUMGRYd0uJ5pE2UbrNX0WvnMBA1zJ3Lrecpra/A==
  dependencies:
    "@babel/runtime" "^7.10.1"
    classnames "2.x"
    dom-align "^1.7.0"
    lodash "^4.17.21"
    rc-util "^5.3.0"
    resize-observer-polyfill "^1.5.1"

rc-cascader@~3.2.1:
  version "3.2.4"
  resolved "https://registry.yarnpkg.com/rc-cascader/-/rc-cascader-3.2.4.tgz#e81548970269d9957ffc37a9b0420fbbecf5eea4"
  integrity sha512-QfS4YU2cd+nVozmByyAs37KNEbsUUPSnP+a4DrkeGQwoz4wgd72QG3maWTI6vmpjoMF3Z6ELWYFWjSawigjV3w==
  dependencies:
    "@babel/runtime" "^7.12.5"
    array-tree-filter "^2.1.0"
    classnames "^2.3.1"
    rc-select "~14.0.0-alpha.23"
    rc-tree "~5.4.3"
    rc-util "^5.6.1"

rc-checkbox@~2.3.0:
  version "2.3.2"
  resolved "https://registry.yarnpkg.com/rc-checkbox/-/rc-checkbox-2.3.2.tgz#f91b3678c7edb2baa8121c9483c664fa6f0aefc1"
  integrity sha512-afVi1FYiGv1U0JlpNH/UaEXdh6WUJjcWokj/nUN2TgG80bfG+MDdbfHKlLcNNba94mbjy2/SXJ1HDgrOkXGAjg==
  dependencies:
    "@babel/runtime" "^7.10.1"
    classnames "^2.2.1"

rc-collapse@~3.1.0:
  version "3.1.2"
  resolved "https://registry.yarnpkg.com/rc-collapse/-/rc-collapse-3.1.2.tgz#76028a811b845d03d9460ccc409c7ea8ad09db14"
  integrity sha512-HujcKq7mghk/gVKeI6EjzTbb8e19XUZpakrYazu1MblEZ3Hu3WBMSN4A3QmvbF6n1g7x6lUlZvsHZ5shABWYOQ==
  dependencies:
    "@babel/runtime" "^7.10.1"
    classnames "2.x"
    rc-motion "^2.3.4"
    rc-util "^5.2.1"
    shallowequal "^1.1.0"

rc-dialog@~8.6.0:
  version "8.6.0"
  resolved "https://registry.yarnpkg.com/rc-dialog/-/rc-dialog-8.6.0.tgz#3b228dac085de5eed8c6237f31162104687442e7"
  integrity sha512-GSbkfqjqxpZC5/zc+8H332+q5l/DKUhpQr0vdX2uDsxo5K0PhvaMEVjyoJUTkZ3+JstEADQji1PVLVb/2bJeOQ==
  dependencies:
    "@babel/runtime" "^7.10.1"
    classnames "^2.2.6"
    rc-motion "^2.3.0"
    rc-util "^5.6.1"

rc-drawer@~4.4.2:
  version "4.4.3"
  resolved "https://registry.yarnpkg.com/rc-drawer/-/rc-drawer-4.4.3.tgz#2094937a844e55dc9644236a2d9fba79c344e321"
  integrity sha512-FYztwRs3uXnFOIf1hLvFxIQP9MiZJA+0w+Os8dfDh/90X7z/HqP/Yg+noLCIeHEbKln1Tqelv8ymCAN24zPcfQ==
  dependencies:
    "@babel/runtime" "^7.10.1"
    classnames "^2.2.6"
    rc-util "^5.7.0"

rc-dropdown@^3.2.0:
  version "3.3.2"
  resolved "https://registry.yarnpkg.com/rc-dropdown/-/rc-dropdown-3.3.2.tgz#097c2ec1b6d55c10eeb94dcf6120ba034c7a58e0"
  integrity sha512-49GOz42oNvLtYGoJ2X5UWXJFp7aUiSZkj9OcgTV1UpxFZqHQMw+xijkaL5k3XDkMbb92XsuFnFt7IGG3/C0DKw==
  dependencies:
    "@babel/runtime" "^7.10.1"
    classnames "^2.2.6"
    rc-trigger "^5.0.4"

rc-dropdown@~3.2.5:
  version "3.2.5"
  resolved "https://registry.yarnpkg.com/rc-dropdown/-/rc-dropdown-3.2.5.tgz#c211e571d29d15e7f725b5a75fc8c7f371fc3348"
  integrity sha512-dVO2eulOSbEf+F4OyhCY5iGiMVhUYY/qeXxL7Ex2jDBt/xc89jU07mNoowV6aWxwVOc70pxEINff0oM2ogjluA==
  dependencies:
    "@babel/runtime" "^7.10.1"
    classnames "^2.2.6"
    rc-trigger "^5.0.4"

rc-field-form@~1.22.0-2:
  version "1.22.1"
  resolved "https://registry.yarnpkg.com/rc-field-form/-/rc-field-form-1.22.1.tgz#0bd2f4e730ff2f071529d00bef28e062362890f5"
  integrity sha512-LweU7nBeqmC5r3HDUjRprcOXXobHXp/TGIxD7ppBq5FX6Iptt3ibdpRVg4RSyNulBNGHOuknHlRcguuIpvVMVg==
  dependencies:
    "@babel/runtime" "^7.8.4"
    async-validator "^4.0.2"
    rc-util "^5.8.0"

rc-image@~5.2.5:
  version "5.2.5"
  resolved "https://registry.yarnpkg.com/rc-image/-/rc-image-5.2.5.tgz#44e6ffc842626827960e7ab72e1c0d6f3a8ce440"
  integrity sha512-qUfZjYIODxO0c8a8P5GeuclYXZjzW4hV/5hyo27XqSFo1DmTCs2HkVeQObkcIk5kNsJtgsj1KoPThVsSc/PXOw==
  dependencies:
    "@babel/runtime" "^7.11.2"
    classnames "^2.2.6"
    rc-dialog "~8.6.0"
    rc-util "^5.0.6"

rc-input-number@~7.3.0:
  version "7.3.4"
  resolved "https://registry.yarnpkg.com/rc-input-number/-/rc-input-number-7.3.4.tgz#674aea98260250287d36e330a7e065b174486e9d"
  integrity sha512-W9uqSzuvJUnz8H8vsVY4kx+yK51SsAxNTwr8SNH4G3XqQNocLVmKIibKFRjocnYX1RDHMND9FFbgj2h7E7nvGA==
  dependencies:
    "@babel/runtime" "^7.10.1"
    classnames "^2.2.5"
    rc-util "^5.9.8"

rc-mentions@~1.6.1:
  version "1.6.1"
  resolved "https://registry.yarnpkg.com/rc-mentions/-/rc-mentions-1.6.1.tgz#46035027d64aa33ef840ba0fbd411871e34617ae"
  integrity sha512-LDzGI8jJVGnkhpTZxZuYBhMz3avcZZqPGejikchh97xPni/g4ht714Flh7DVvuzHQ+BoKHhIjobHnw1rcP8erg==
  dependencies:
    "@babel/runtime" "^7.10.1"
    classnames "^2.2.6"
    rc-menu "^9.0.0"
    rc-textarea "^0.3.0"
    rc-trigger "^5.0.4"
    rc-util "^5.0.1"

rc-menu@^9.0.0:
  version "9.3.2"
  resolved "https://registry.yarnpkg.com/rc-menu/-/rc-menu-9.3.2.tgz#bb842d37ebf71da912bea201cf7ef0a27267ad49"
  integrity sha512-h3m45oY1INZyqphGELkdT0uiPnFzxkML8m0VMhJnk2fowtqfiT7F5tJLT3znEVaPIY80vMy1bClCkgq8U91CzQ==
  dependencies:
    "@babel/runtime" "^7.10.1"
    classnames "2.x"
    rc-motion "^2.4.3"
    rc-overflow "^1.2.0"
    rc-trigger "^5.1.2"
    rc-util "^5.12.0"
    shallowequal "^1.1.0"

rc-menu@~9.2.1:
  version "9.2.1"
  resolved "https://registry.yarnpkg.com/rc-menu/-/rc-menu-9.2.1.tgz#6fbe47f4846363bb81a5a21f0960026c3ada497a"
  integrity sha512-UbEtn3rflJ8zS+etYGTVQuzy7Fm+yWXR5c0Rl6ecNTS/dPknRyWAyhJcbeR0Hu1+RdQT+0VCqrUPrgKnm4iY+w==
  dependencies:
    "@babel/runtime" "^7.10.1"
    classnames "2.x"
    rc-motion "^2.4.3"
    rc-overflow "^1.2.0"
    rc-trigger "^5.1.2"
    rc-util "^5.12.0"
    shallowequal "^1.1.0"

rc-motion@^2.0.0, rc-motion@^2.0.1, rc-motion@^2.2.0, rc-motion@^2.3.0, rc-motion@^2.3.4, rc-motion@^2.4.3, rc-motion@^2.4.4:
  version "2.4.4"
  resolved "https://registry.yarnpkg.com/rc-motion/-/rc-motion-2.4.4.tgz#e995d5fa24fc93065c24f714857cf2677d655bb0"
  integrity sha512-ms7n1+/TZQBS0Ydd2Q5P4+wJTSOrhIrwNxLXCZpR7Fa3/oac7Yi803HDALc2hLAKaCTQtw9LmQeB58zcwOsqlQ==
  dependencies:
    "@babel/runtime" "^7.11.1"
    classnames "^2.2.1"
    rc-util "^5.2.1"

rc-notification@~4.5.7:
  version "4.5.7"
  resolved "https://registry.yarnpkg.com/rc-notification/-/rc-notification-4.5.7.tgz#265e6e6a0c1a0fac63d6abd4d832eb8ff31522f1"
  integrity sha512-zhTGUjBIItbx96SiRu3KVURcLOydLUHZCPpYEn1zvh+re//Tnq/wSxN4FKgp38n4HOgHSVxcLEeSxBMTeBBDdw==
  dependencies:
    "@babel/runtime" "^7.10.1"
    classnames "2.x"
    rc-motion "^2.2.0"
    rc-util "^5.0.1"

rc-overflow@^1.0.0, rc-overflow@^1.2.0:
  version "1.2.2"
  resolved "https://registry.yarnpkg.com/rc-overflow/-/rc-overflow-1.2.2.tgz#95b0222016c0cdbdc0db85f569c262e7706a5f22"
  integrity sha512-X5kj9LDU1ue5wHkqvCprJWLKC+ZLs3p4He/oxjZ1Q4NKaqKBaYf5OdSzRSgh3WH8kSdrfU8LjvlbWnHgJOEkNQ==
  dependencies:
    "@babel/runtime" "^7.11.1"
    classnames "^2.2.1"
    rc-resize-observer "^1.0.0"
    rc-util "^5.5.1"

rc-pagination@~3.1.9:
  version "3.1.15"
  resolved "https://registry.yarnpkg.com/rc-pagination/-/rc-pagination-3.1.15.tgz#e05eddf4c15717a5858290bed0857e27e2f957ff"
  integrity sha512-4L3fot8g4E+PjWEgoVGX0noFCg+8ZFZmeLH4vsnZpB3O2T2zThtakjNxG+YvSaYtyMVT4B+GLayjKrKbXQpdAg==
  dependencies:
    "@babel/runtime" "^7.10.1"
    classnames "^2.2.1"

rc-picker@~2.5.17:
  version "2.5.19"
  resolved "https://registry.yarnpkg.com/rc-picker/-/rc-picker-2.5.19.tgz#73d07546fac3992f0bfabf2789654acada39e46f"
  integrity sha512-u6myoCu/qiQ0vLbNzSzNrzTQhs7mldArCpPHrEI6OUiifs+IPXmbesqSm0zilJjfzrZJLgYeyyOMSznSlh0GKA==
  dependencies:
    "@babel/runtime" "^7.10.1"
    classnames "^2.2.1"
    date-fns "2.x"
    dayjs "1.x"
    moment "^2.24.0"
    rc-trigger "^5.0.4"
    rc-util "^5.4.0"
    shallowequal "^1.1.0"

rc-progress@~3.2.1:
  version "3.2.4"
  resolved "https://registry.yarnpkg.com/rc-progress/-/rc-progress-3.2.4.tgz#4036acdae2566438545bc4df2203248babaf7549"
  integrity sha512-M9WWutRaoVkPUPIrTpRIDpX0SPSrVHzxHdCRCbeoBFrd9UFWTYNWRlHsruJM5FH1AZI+BwB4wOJUNNylg/uFSw==
  dependencies:
    "@babel/runtime" "^7.10.1"
    classnames "^2.2.6"
    rc-util "^5.16.1"

rc-rate@~2.9.0:
  version "2.9.1"
  resolved "https://registry.yarnpkg.com/rc-rate/-/rc-rate-2.9.1.tgz#e43cb95c4eb90a2c1e0b16ec6614d8c43530a731"
  integrity sha512-MmIU7FT8W4LYRRHJD1sgG366qKtSaKb67D0/vVvJYR0lrCuRrCiVQ5qhfT5ghVO4wuVIORGpZs7ZKaYu+KMUzA==
  dependencies:
    "@babel/runtime" "^7.10.1"
    classnames "^2.2.5"
    rc-util "^5.0.1"

rc-resize-observer@^1.0.0, rc-resize-observer@^1.1.0, rc-resize-observer@^1.2.0:
  version "1.2.0"
  resolved "https://registry.yarnpkg.com/rc-resize-observer/-/rc-resize-observer-1.2.0.tgz#9f46052f81cdf03498be35144cb7c53fd282c4c7"
  integrity sha512-6W+UzT3PyDM0wVCEHfoW3qTHPTvbdSgiA43buiy8PzmeMnfgnDeb9NjdimMXMl3/TcrvvWl5RRVdp+NqcR47pQ==
  dependencies:
    "@babel/runtime" "^7.10.1"
    classnames "^2.2.1"
    rc-util "^5.15.0"
    resize-observer-polyfill "^1.5.1"

rc-select@~14.0.0-alpha.15, rc-select@~14.0.0-alpha.23, rc-select@~14.0.0-alpha.8:
  version "14.0.0-alpha.25"
  resolved "https://registry.yarnpkg.com/rc-select/-/rc-select-14.0.0-alpha.25.tgz#9e6ca83b090e020a730fdfdab07c1050549426e4"
  integrity sha512-U9AMzXsOCCdtn96YIZdUrYbxk+5u6uWUCaYH2129X3FTjQITqAjEPYHfPcxU/G7+lwiD0pIaU95W0NMkg+26qw==
  dependencies:
    "@babel/runtime" "^7.10.1"
    classnames "2.x"
    rc-motion "^2.0.1"
    rc-overflow "^1.0.0"
    rc-trigger "^5.0.4"
    rc-util "^5.16.1"
    rc-virtual-list "^3.2.0"

rc-slider@~9.7.4:
  version "9.7.5"
  resolved "https://registry.yarnpkg.com/rc-slider/-/rc-slider-9.7.5.tgz#193141c68e99b1dc3b746daeb6bf852946f5b7f4"
  integrity sha512-LV/MWcXFjco1epPbdw1JlLXlTgmWpB9/Y/P2yinf8Pg3wElHxA9uajN21lJiWtZjf5SCUekfSP6QMJfDo4t1hg==
  dependencies:
    "@babel/runtime" "^7.10.1"
    classnames "^2.2.5"
    rc-tooltip "^5.0.1"
    rc-util "^5.16.1"
    shallowequal "^1.1.0"

rc-steps@~4.1.0:
  version "4.1.4"
  resolved "https://registry.yarnpkg.com/rc-steps/-/rc-steps-4.1.4.tgz#0ba82db202d59ca52d0693dc9880dd145b19dc23"
  integrity sha512-qoCqKZWSpkh/b03ASGx1WhpKnuZcRWmvuW+ZUu4mvMdfvFzVxblTwUM+9aBd0mlEUFmt6GW8FXhMpHkK3Uzp3w==
  dependencies:
    "@babel/runtime" "^7.10.2"
    classnames "^2.2.3"
    rc-util "^5.0.1"

rc-switch@~3.2.0:
  version "3.2.2"
  resolved "https://registry.yarnpkg.com/rc-switch/-/rc-switch-3.2.2.tgz#d001f77f12664d52595b4f6fb425dd9e66fba8e8"
  integrity sha512-+gUJClsZZzvAHGy1vZfnwySxj+MjLlGRyXKXScrtCTcmiYNPzxDFOxdQ/3pK1Kt/0POvwJ/6ALOR8gwdXGhs+A==
  dependencies:
    "@babel/runtime" "^7.10.1"
    classnames "^2.2.1"
    rc-util "^5.0.1"

rc-table@~7.22.2:
  version "7.22.2"
  resolved "https://registry.yarnpkg.com/rc-table/-/rc-table-7.22.2.tgz#218f3f53bc91660560a344c8290a91a841a60b0a"
  integrity sha512-Ng2gNkGi6ybl6dzneRn2H4Gp8XhIbRa5rXQ7ZhZcgWVmfVMok70UHGPXcf68tXW6O0/qckTf/eOVsoviSvK4sw==
  dependencies:
    "@babel/runtime" "^7.10.1"
    classnames "^2.2.5"
    rc-resize-observer "^1.1.0"
    rc-util "^5.14.0"
    shallowequal "^1.1.0"

rc-tabs@~11.10.0:
  version "11.10.5"
  resolved "https://registry.yarnpkg.com/rc-tabs/-/rc-tabs-11.10.5.tgz#53bbb642d04b307f8ce86e318ab99d519507b29b"
  integrity sha512-DDuUdV6b9zGRYLtjI5hyejWLKoz1QiLWNgMeBzc3aMeQylZFhTYnFGdDc6HRqj5IYearNTsFPVSA+6VIT8g5cg==
  dependencies:
    "@babel/runtime" "^7.11.2"
    classnames "2.x"
    rc-dropdown "^3.2.0"
    rc-menu "^9.0.0"
    rc-resize-observer "^1.0.0"
    rc-util "^5.5.0"

rc-textarea@^0.3.0, rc-textarea@~0.3.0:
  version "0.3.7"
  resolved "https://registry.yarnpkg.com/rc-textarea/-/rc-textarea-0.3.7.tgz#987142891efdedb774883c07e2f51b318fde5a11"
  integrity sha512-yCdZ6binKmAQB13hc/oehh0E/QRwoPP1pjF21aHBxlgXO3RzPF6dUu4LG2R4FZ1zx/fQd2L1faktulrXOM/2rw==
  dependencies:
    "@babel/runtime" "^7.10.1"
    classnames "^2.2.1"
    rc-resize-observer "^1.0.0"
    rc-util "^5.7.0"
    shallowequal "^1.1.0"

rc-tooltip@^5.0.1, rc-tooltip@~5.1.1:
  version "5.1.1"
  resolved "https://registry.yarnpkg.com/rc-tooltip/-/rc-tooltip-5.1.1.tgz#94178ed162d0252bc4993b725f5dc2ac0fccf154"
  integrity sha512-alt8eGMJulio6+4/uDm7nvV+rJq9bsfxFDCI0ljPdbuoygUscbsMYb6EQgwib/uqsXQUvzk+S7A59uYHmEgmDA==
  dependencies:
    "@babel/runtime" "^7.11.2"
    rc-trigger "^5.0.0"

rc-tree-select@~5.1.1:
  version "5.1.2"
  resolved "https://registry.yarnpkg.com/rc-tree-select/-/rc-tree-select-5.1.2.tgz#0dfe12f01b9b0dc9ce658b96501692d4421b8366"
  integrity sha512-sTulyQZB1SgF2HzAR49i4vjMNvV/tfPxCTc+qNuWOwaAtSm2bwGH6/wfi3k3Dw2/5PPOGpRRpgCMltoP9aG0+w==
  dependencies:
    "@babel/runtime" "^7.10.1"
    classnames "2.x"
    rc-select "~14.0.0-alpha.8"
    rc-tree "~5.4.3"
    rc-util "^5.16.1"

rc-tree@~5.4.3:
  version "5.4.3"
  resolved "https://registry.yarnpkg.com/rc-tree/-/rc-tree-5.4.3.tgz#8674644964e17e5ab9b111c5aa18676f673e7bd0"
  integrity sha512-WAHV8FkBerulj9J/+61+Qn0TD/Zo37PrDG8/45WomzGTYavxFMur9YguKjQj/J+NxjVJzrJL3lvdSZsumfdbiA==
  dependencies:
    "@babel/runtime" "^7.10.1"
    classnames "2.x"
    rc-motion "^2.0.1"
    rc-util "^5.16.1"
    rc-virtual-list "^3.4.1"

rc-trigger@^5.0.0, rc-trigger@^5.0.4, rc-trigger@^5.1.2, rc-trigger@^5.2.10:
  version "5.2.10"
  resolved "https://registry.yarnpkg.com/rc-trigger/-/rc-trigger-5.2.10.tgz#8a0057a940b1b9027eaa33beec8a6ecd85cce2b1"
  integrity sha512-FkUf4H9BOFDaIwu42fvRycXMAvkttph9AlbCZXssZDVzz2L+QZ0ERvfB/4nX3ZFPh1Zd+uVGr1DEDeXxq4J1TA==
  dependencies:
    "@babel/runtime" "^7.11.2"
    classnames "^2.2.6"
    rc-align "^4.0.0"
    rc-motion "^2.0.0"
    rc-util "^5.5.0"

rc-upload@~4.3.0:
  version "4.3.3"
  resolved "https://registry.yarnpkg.com/rc-upload/-/rc-upload-4.3.3.tgz#e237aa525e5313fa16f4d04d27f53c2f0e157bb8"
  integrity sha512-YoJ0phCRenMj1nzwalXzciKZ9/FAaCrFu84dS5pphwucTC8GUWClcDID/WWNGsLFcM97NqIboDqrV82rVRhW/w==
  dependencies:
    "@babel/runtime" "^7.10.1"
    classnames "^2.2.5"
    rc-util "^5.2.0"

rc-util@^5.0.1, rc-util@^5.0.6, rc-util@^5.0.7, rc-util@^5.12.0, rc-util@^5.14.0, rc-util@^5.15.0, rc-util@^5.16.1, rc-util@^5.2.0, rc-util@^5.2.1, rc-util@^5.3.0, rc-util@^5.4.0, rc-util@^5.5.0, rc-util@^5.5.1, rc-util@^5.6.1, rc-util@^5.7.0, rc-util@^5.8.0, rc-util@^5.9.4, rc-util@^5.9.8:
  version "5.17.0"
  resolved "https://registry.yarnpkg.com/rc-util/-/rc-util-5.17.0.tgz#6b0788038075c3d5c215541539573a4a03827070"
  integrity sha512-HWuTIKzBeZQQ7IBqdokE0wMp/xx39/KfUJ0gcquBigoldDCrf3YBcWFHrrQlJG7sI82Wg8mwp1uAKV3zMGfAgg==
  dependencies:
    "@babel/runtime" "^7.12.5"
    react-is "^16.12.0"
    shallowequal "^1.1.0"

rc-virtual-list@^3.2.0, rc-virtual-list@^3.4.1:
  version "3.4.2"
  resolved "https://registry.yarnpkg.com/rc-virtual-list/-/rc-virtual-list-3.4.2.tgz#1078327aa7230b5e456d679ed2ce99f3c036ebd1"
  integrity sha512-OyVrrPvvFcHvV0ssz5EDZ+7Rf5qLat/+mmujjchNw5FfbJWNDwkpQ99EcVE6+FtNRmX9wFa1LGNpZLUTvp/4GQ==
  dependencies:
    classnames "^2.2.6"
    rc-resize-observer "^1.0.0"
    rc-util "^5.0.7"

react-is@^16.12.0, react-is@^16.13.1, react-is@^16.7.0:
  version "16.13.1"
  resolved "https://registry.yarnpkg.com/react-is/-/react-is-16.13.1.tgz#789729a4dc36de2999dc156dd6c1d9c18cea56a4"
  integrity sha512-24e6ynE2H+OKt4kqsOvNd8kBpV65zoxbA4BVsEOB3ARVWQki/DHzaUoC5KuON/BiccDaCCTZBuOcfZs70kR8bQ==

react-sortable-hoc@^1.11.0:
  version "1.11.0"
  resolved "https://registry.yarnpkg.com/react-sortable-hoc/-/react-sortable-hoc-1.11.0.tgz#fe4022362bbafc4b836f5104b9676608a40a278f"
  integrity sha512-v1CDCvdfoR3zLGNp6qsBa4J1BWMEVH25+UKxF/RvQRh+mrB+emqtVHMgZ+WreUiKJoEaiwYoScaueIKhMVBHUg==
  dependencies:
    "@babel/runtime" "^7.2.0"
    invariant "^2.2.4"
    prop-types "^15.5.7"

react-sticky-box@^0.9.3:
  version "0.9.3"
  resolved "https://registry.yarnpkg.com/react-sticky-box/-/react-sticky-box-0.9.3.tgz#8450d4cef8e4fdd7b0351520365bc98c97da11af"
  integrity sha512-Y/qO7vTqAvXuRR6G6ZCW4fX2Bz0GZRwiiLTVeZN5CVz9wzs37ev0Xj3KSKF/PzF0jifwATivI4t24qXG8rSz4Q==
  dependencies:
    "@babel/runtime" "^7.1.5"
    resize-observer-polyfill "^1.5.1"

react@^17.0.2:
  version "17.0.2"
  resolved "https://registry.yarnpkg.com/react/-/react-17.0.2.tgz#d0b5cc516d29eb3eee383f75b62864cfb6800037"
  integrity sha512-gnhPt75i/dq/z3/6q/0asP78D0u592D5L1pd7M8P+dck6Fu/jJeL6iVVK23fptSUZj8Vjf++7wXA8UNclGQcbA==
  dependencies:
    loose-envify "^1.1.0"
    object-assign "^4.1.1"

regenerator-runtime@^0.13.4:
  version "0.13.9"
  resolved "https://registry.yarnpkg.com/regenerator-runtime/-/regenerator-runtime-0.13.9.tgz#8925742a98ffd90814988d7566ad30ca3b263b52"
  integrity sha512-p3VT+cOEgxFsRRA9X4lkI1E+k2/CtnKtU4gcxyaCUreilL/vqI6CdZ3wxVUx3UOUg+gnUOQQcRI7BmSI656MYA==

requestidlecallback@^0.3.0:
  version "0.3.0"
  resolved "https://registry.yarnpkg.com/requestidlecallback/-/requestidlecallback-0.3.0.tgz#6fb74e0733f90df3faa4838f9f6a2a5f9b742ac5"
  integrity sha1-b7dOBzP5DfP6pIOPn2oqX5t0KsU=

resize-observer-polyfill@^1.5.0, resize-observer-polyfill@^1.5.1:
  version "1.5.1"
  resolved "https://registry.yarnpkg.com/resize-observer-polyfill/-/resize-observer-polyfill-1.5.1.tgz#0e9020dd3d21024458d4ebd27e23e40269810464"
  integrity sha512-LwZrotdHOo12nQuZlHEmtuXdqGoOD0OhaxopaNFxWzInpEgaLWoVuAMbTzixuosCx2nEG58ngzW3vxdWoxIgdg==

rimraf@^3.0.2:
  version "3.0.2"
  resolved "https://registry.yarnpkg.com/rimraf/-/rimraf-3.0.2.tgz#f1a5402ba6220ad52cc1282bac1ae3aa49fd061a"
  integrity sha512-JZkJMZkAGFFPP2YqXZXPbMlMBgsxzE8ILs4lMIX/2o0L9UBw9O/Y3o6wFw/i9YLapcUJWwqbi3kdxIPdC62TIA==
  dependencies:
    glob "^7.1.3"

scroll-into-view-if-needed@^2.2.25:
  version "2.2.29"
  resolved "https://registry.yarnpkg.com/scroll-into-view-if-needed/-/scroll-into-view-if-needed-2.2.29.tgz#551791a84b7e2287706511f8c68161e4990ab885"
  integrity sha512-hxpAR6AN+Gh53AdAimHM6C8oTN1ppwVZITihix+WqalywBeFcQ6LdQP5ABNl26nX8GTEL7VT+b8lKpdqq65wXg==
  dependencies:
    compute-scroll-into-view "^1.0.17"

shallowequal@^1.1.0:
  version "1.1.0"
  resolved "https://registry.yarnpkg.com/shallowequal/-/shallowequal-1.1.0.tgz#188d521de95b9087404fd4dcb68b13df0ae4e7f8"
  integrity sha512-y0m1JoUZSlPAjXVtPPW70aZWfIL/dSP7AFkRnniLCrK/8MDKog3TySTBmckD+RObVxH0v4Tox67+F14PdED2oQ==

string-convert@^0.2.0:
  version "0.2.1"
  resolved "https://registry.yarnpkg.com/string-convert/-/string-convert-0.2.1.tgz#6982cc3049fbb4cd85f8b24568b9d9bf39eeff97"
  integrity sha1-aYLMMEn7tM2F+LJFaLnZvznu/5c=

toggle-selection@^1.0.6:
  version "1.0.6"
  resolved "https://registry.yarnpkg.com/toggle-selection/-/toggle-selection-1.0.6.tgz#6e45b1263f2017fa0acc7d89d78b15b8bf77da32"
  integrity sha1-bkWxJj8gF/oKzH2J14sVuL932jI=

tslib@^2.0.3:
  version "2.3.1"
  resolved "https://registry.yarnpkg.com/tslib/-/tslib-2.3.1.tgz#e8a335add5ceae51aa261d32a490158ef042ef01"
  integrity sha512-77EbyPPpMz+FRFRuAFlWMtmgUWGe9UOG2Z25NqCwiIjRhOf5iKGuzSe5P2w1laq+FkRy4p+PCuVkJSGkzTEKVw==

typescript@^4.5.5:
  version "4.5.5"
  resolved "https://registry.yarnpkg.com/typescript/-/typescript-4.5.5.tgz#d8c953832d28924a9e3d37c73d729c846c5896f3"
  integrity sha512-TCTIul70LyWe6IJWT8QSYeA54WQe8EjQFU4wY52Fasj5UKx88LNYKCgBEHcOMOrFF1rKGbD8v/xcNWVUq9SymA==

upper-case@^2.0.1:
  version "2.0.2"
  resolved "https://registry.yarnpkg.com/upper-case/-/upper-case-2.0.2.tgz#d89810823faab1df1549b7d97a76f8662bae6f7a"
  integrity sha512-KgdgDGJt2TpuwBUIjgG6lzw2GWFRCW9Qkfkiv0DxqHHLYJHmtmdUIKcZd8rHgFSjopVTlw6ggzCm1b8MFQwikg==
  dependencies:
    tslib "^2.0.3"

wrappy@1:
  version "1.0.2"
  resolved "https://registry.yarnpkg.com/wrappy/-/wrappy-1.0.2.tgz#b5243d8f3ec1aa35f1364605bc0d1036e30ab69f"
  integrity sha1-tSQ9jz7BqjXxNkYFvA0QNuMKtp8=
